
Microsoft Visual Studio Solution File, Format Version 12.00
# Visual Studio Version 16
VisualStudioVersion = 16.0.30114.105
MinimumVisualStudioVersion = 10.0.40219.1
Project("{9A19103F-16F7-4668-BE54-9A1E7A4F7556}") = "EasyPack.Application", "EasyPack.Application\EasyPack.Application.csproj", "{DD22AABB-7591-4300-95AA-24DEA04A047C}"
EndProject
Project("{9A19103F-16F7-4668-BE54-9A1E7A4F7556}") = "EasyPack.Domain", "EasyPack.Domain\EasyPack.Domain.csproj", "{61963001-DB00-43E6-9B37-6E8D755E3D12}"
EndProject
Project("{9A19103F-16F7-4668-BE54-9A1E7A4F7556}") = "EasyPack.Persistence", "EasyPack.Persistence\EasyPack.Persistence.csproj", "{E8A78A9E-52A9-414B-8BD8-28588EFEC4E5}"
EndProject
Project("{FAE04EC0-301F-11D3-BF4B-00C04F79EFBC}") = "EasyPack.API", "EasyPack.API\EasyPack.API.csproj", "{D6FD279C-AA95-40E3-ABEC-4CD5A219A7A0}"
EndProject
Global
	GlobalSection(SolutionConfigurationPlatforms) = preSolution
		Debug|Any CPU = Debug|Any CPU
		Debug|x64 = Debug|x64
		Debug|x86 = Debug|x86
		Release|Any CPU = Release|Any CPU
		Release|x64 = Release|x64
		Release|x86 = Release|x86
	EndGlobalSection
	GlobalSection(ProjectConfigurationPlatforms) = postSolution
		{DD22AABB-7591-4300-95AA-24DEA04A047C}.Debug|Any CPU.ActiveCfg = Debug|Any CPU
		{DD22AABB-7591-4300-95AA-24DEA04A047C}.Debug|Any CPU.Build.0 = Debug|Any CPU
		{DD22AABB-7591-4300-95AA-24DEA04A047C}.Debug|x64.ActiveCfg = Debug|Any CPU
		{DD22AABB-7591-4300-95AA-24DEA04A047C}.Debug|x64.Build.0 = Debug|Any CPU
		{DD22AABB-7591-4300-95AA-24DEA04A047C}.Debug|x86.ActiveCfg = Debug|Any CPU
		{DD22AABB-7591-4300-95AA-24DEA04A047C}.Debug|x86.Build.0 = Debug|Any CPU
		{DD22AABB-7591-4300-95AA-24DEA04A047C}.Release|Any CPU.ActiveCfg = Release|Any CPU
		{DD22AABB-7591-4300-95AA-24DEA04A047C}.Release|Any CPU.Build.0 = Release|Any CPU
		{DD22AABB-7591-4300-95AA-24DEA04A047C}.Release|x64.ActiveCfg = Release|Any CPU
		{DD22AABB-7591-4300-95AA-24DEA04A047C}.Release|x64.Build.0 = Release|Any CPU
		{DD22AABB-7591-4300-95AA-24DEA04A047C}.Release|x86.ActiveCfg = Release|Any CPU
		{DD22AABB-7591-4300-95AA-24DEA04A047C}.Release|x86.Build.0 = Release|Any CPU
		{61963001-DB00-43E6-9B37-6E8D755E3D12}.Debug|Any CPU.ActiveCfg = Debug|Any CPU
		{61963001-DB00-43E6-9B37-6E8D755E3D12}.Debug|Any CPU.Build.0 = Debug|Any CPU
		{61963001-DB00-43E6-9B37-6E8D755E3D12}.Debug|x64.ActiveCfg = Debug|Any CPU
		{61963001-DB00-43E6-9B37-6E8D755E3D12}.Debug|x64.Build.0 = Debug|Any CPU
		{61963001-DB00-43E6-9B37-6E8D755E3D12}.Debug|x86.ActiveCfg = Debug|Any CPU
		{61963001-DB00-43E6-9B37-6E8D755E3D12}.Debug|x86.Build.0 = Debug|Any CPU
		{61963001-DB00-43E6-9B37-6E8D755E3D12}.Release|Any CPU.ActiveCfg = Release|Any CPU
		{61963001-DB00-43E6-9B37-6E8D755E3D12}.Release|Any CPU.Build.0 = Release|Any CPU
		{61963001-DB00-43E6-9B37-6E8D755E3D12}.Release|x64.ActiveCfg = Release|Any CPU
		{61963001-DB00-43E6-9B37-6E8D755E3D12}.Release|x64.Build.0 = Release|Any CPU
		{61963001-DB00-43E6-9B37-6E8D755E3D12}.Release|x86.ActiveCfg = Release|Any CPU
		{61963001-DB00-43E6-9B37-6E8D755E3D12}.Release|x86.Build.0 = Release|Any CPU
		{E8A78A9E-52A9-414B-8BD8-28588EFEC4E5}.Debug|Any CPU.ActiveCfg = Debug|Any CPU
		{E8A78A9E-52A9-414B-8BD8-28588EFEC4E5}.Debug|Any CPU.Build.0 = Debug|Any CPU
		{E8A78A9E-52A9-414B-8BD8-28588EFEC4E5}.Debug|x64.ActiveCfg = Debug|Any CPU
		{E8A78A9E-52A9-414B-8BD8-28588EFEC4E5}.Debug|x64.Build.0 = Debug|Any CPU
		{E8A78A9E-52A9-414B-8BD8-28588EFEC4E5}.Debug|x86.ActiveCfg = Debug|Any CPU
		{E8A78A9E-52A9-414B-8BD8-28588EFEC4E5}.Debug|x86.Build.0 = Debug|Any CPU
		{E8A78A9E-52A9-414B-8BD8-28588EFEC4E5}.Release|Any CPU.ActiveCfg = Release|Any CPU
		{E8A78A9E-52A9-414B-8BD8-28588EFEC4E5}.Release|Any CPU.Build.0 = Release|Any CPU
		{E8A78A9E-52A9-414B-8BD8-28588EFEC4E5}.Release|x64.ActiveCfg = Release|Any CPU
		{E8A78A9E-52A9-414B-8BD8-28588EFEC4E5}.Release|x64.Build.0 = Release|Any CPU
		{E8A78A9E-52A9-414B-8BD8-28588EFEC4E5}.Release|x86.ActiveCfg = Release|Any CPU
		{E8A78A9E-52A9-414B-8BD8-28588EFEC4E5}.Release|x86.Build.0 = Release|Any CPU
		{D6FD279C-AA95-40E3-ABEC-4CD5A219A7A0}.Debug|Any CPU.ActiveCfg = Debug|Any CPU
		{D6FD279C-AA95-40E3-ABEC-4CD5A219A7A0}.Debug|Any CPU.Build.0 = Debug|Any CPU
		{D6FD279C-AA95-40E3-ABEC-4CD5A219A7A0}.Debug|x64.ActiveCfg = Debug|Any CPU
		{D6FD279C-AA95-40E3-ABEC-4CD5A219A7A0}.Debug|x64.Build.0 = Debug|Any CPU
		{D6FD279C-AA95-40E3-ABEC-4CD5A219A7A0}.Debug|x86.ActiveCfg = Debug|Any CPU
		{D6FD279C-AA95-40E3-ABEC-4CD5A219A7A0}.Debug|x86.Build.0 = Debug|Any CPU
		{D6FD279C-AA95-40E3-ABEC-4CD5A219A7A0}.Release|Any CPU.ActiveCfg = Release|Any CPU
		{D6FD279C-AA95-40E3-ABEC-4CD5A219A7A0}.Release|Any CPU.Build.0 = Release|Any CPU
		{D6FD279C-AA95-40E3-ABEC-4CD5A219A7A0}.Release|x64.ActiveCfg = Release|Any CPU
		{D6FD279C-AA95-40E3-ABEC-4CD5A219A7A0}.Release|x64.Build.0 = Release|Any CPU
		{D6FD279C-AA95-40E3-ABEC-4CD5A219A7A0}.Release|x86.ActiveCfg = Release|Any CPU
		{D6FD279C-AA95-40E3-ABEC-4CD5A219A7A0}.Release|x86.Build.0 = Release|Any CPU
	EndGlobalSection
	GlobalSection(SolutionProperties) = preSolution
		HideSolutionNode = FALSE
	EndGlobalSection
	GlobalSection(ExtensibilityGlobals) = postSolution
		SolutionGuid = {5E1D5CFC-D2EF-437B-BDD3-BB8F83425489}
	EndGlobalSection
EndGlobal
